// !$*UTF8*$!
{
	archiveVersion = 1;
	classes = {
	};
	objectVersion = 48;
	objects = {

/* Begin PBXBuildFile section */
		A2DB898020626FB6002CF247 /* AppDelegate.swift in Sources */ = {isa = PBXBuildFile; fileRef = A2DB897F20626FB6002CF247 /* AppDelegate.swift */; };
		A2DB898520626FB6002CF247 /* Main.storyboard in Resources */ = {isa = PBXBuildFile; fileRef = A2DB898320626FB6002CF247 /* Main.storyboard */; };
		A2DB898720626FB6002CF247 /* Assets.xcassets in Resources */ = {isa = PBXBuildFile; fileRef = A2DB898620626FB6002CF247 /* Assets.xcassets */; };
		A2DB898A20626FB6002CF247 /* LaunchScreen.storyboard in Resources */ = {isa = PBXBuildFile; fileRef = A2DB898820626FB6002CF247 /* LaunchScreen.storyboard */; };
		A2DB8992206276DC002CF247 /* ContactsViewController.swift in Sources */ = {isa = PBXBuildFile; fileRef = A2DB8991206276DC002CF247 /* ContactsViewController.swift */; };
		A2DB899420639384002CF247 /* ContactsTableViewCell.swift in Sources */ = {isa = PBXBuildFile; fileRef = A2DB899320639384002CF247 /* ContactsTableViewCell.swift */; };
		A2DB899620639909002CF247 /* HeaderView.swift in Sources */ = {isa = PBXBuildFile; fileRef = A2DB899520639909002CF247 /* HeaderView.swift */; };
		A2DB899820639DE1002CF247 /* ContactTableDataSourceDelegate.swift in Sources */ = {isa = PBXBuildFile; fileRef = A2DB899720639DE1002CF247 /* ContactTableDataSourceDelegate.swift */; };
		A2DB899A20651774002CF247 /* ContactSearchTableViewCell.swift in Sources */ = {isa = PBXBuildFile; fileRef = A2DB899920651774002CF247 /* ContactSearchTableViewCell.swift */; };
		A2DB899C20652943002CF247 /* Utilities.swift in Sources */ = {isa = PBXBuildFile; fileRef = A2DB899B20652943002CF247 /* Utilities.swift */; };
		A2DB89C020678CF5002CF247 /* ContactView.xib in Resources */ = {isa = PBXBuildFile; fileRef = A2DB89BF20678CF5002CF247 /* ContactView.xib */; };
		A2DB89C220678E15002CF247 /* ContactView.swift in Sources */ = {isa = PBXBuildFile; fileRef = A2DB89C120678E15002CF247 /* ContactView.swift */; };
/* End PBXBuildFile section */

/* Begin PBXFileReference section */
		A2DB897C20626FB6002CF247 /* CusomContact.app */ = {isa = PBXFileReference; explicitFileType = wrapper.application; includeInIndex = 0; path = CusomContact.app; sourceTree = BUILT_PRODUCTS_DIR; };
		A2DB897F20626FB6002CF247 /* AppDelegate.swift */ = {isa = PBXFileReference; lastKnownFileType = sourcecode.swift; path = AppDelegate.swift; sourceTree = "<group>"; };
		A2DB898420626FB6002CF247 /* Base */ = {isa = PBXFileReference; lastKnownFileType = file.storyboard; name = Base; path = Base.lproj/Main.storyboard; sourceTree = "<group>"; };
		A2DB898620626FB6002CF247 /* Assets.xcassets */ = {isa = PBXFileReference; lastKnownFileType = folder.assetcatalog; path = Assets.xcassets; sourceTree = "<group>"; };
		A2DB898920626FB6002CF247 /* Base */ = {isa = PBXFileReference; lastKnownFileType = file.storyboard; name = Base; path = Base.lproj/LaunchScreen.storyboard; sourceTree = "<group>"; };
		A2DB898B20626FB6002CF247 /* Info.plist */ = {isa = PBXFileReference; lastKnownFileType = text.plist.xml; path = Info.plist; sourceTree = "<group>"; };
		A2DB8991206276DC002CF247 /* ContactsViewController.swift */ = {isa = PBXFileReference; lastKnownFileType = sourcecode.swift; path = ContactsViewController.swift; sourceTree = "<group>"; };
		A2DB899320639384002CF247 /* ContactsTableViewCell.swift */ = {isa = PBXFileReference; lastKnownFileType = sourcecode.swift; path = ContactsTableViewCell.swift; sourceTree = "<group>"; };
		A2DB899520639909002CF247 /* HeaderView.swift */ = {isa = PBXFileReference; lastKnownFileType = sourcecode.swift; path = HeaderView.swift; sourceTree = "<group>"; };
		A2DB899720639DE1002CF247 /* ContactTableDataSourceDelegate.swift */ = {isa = PBXFileReference; lastKnownFileType = sourcecode.swift; path = ContactTableDataSourceDelegate.swift; sourceTree = "<group>"; };
		A2DB899920651774002CF247 /* ContactSearchTableViewCell.swift */ = {isa = PBXFileReference; lastKnownFileType = sourcecode.swift; path = ContactSearchTableViewCell.swift; sourceTree = "<group>"; };
		A2DB899B20652943002CF247 /* Utilities.swift */ = {isa = PBXFileReference; lastKnownFileType = sourcecode.swift; path = Utilities.swift; sourceTree = "<group>"; };
		A2DB89BF20678CF5002CF247 /* ContactView.xib */ = {isa = PBXFileReference; lastKnownFileType = file.xib; path = ContactView.xib; sourceTree = "<group>"; };
		A2DB89C120678E15002CF247 /* ContactView.swift */ = {isa = PBXFileReference; lastKnownFileType = sourcecode.swift; path = ContactView.swift; sourceTree = "<group>"; };
/* End PBXFileReference section */

/* Begin PBXFrameworksBuildPhase section */
		A2DB897920626FB6002CF247 /* Frameworks */ = {
			isa = PBXFrameworksBuildPhase;
			buildActionMask = 2147483647;
			files = (
			);
			runOnlyForDeploymentPostprocessing = 0;
		};
/* End PBXFrameworksBuildPhase section */

/* Begin PBXGroup section */
		A2DB897320626FB6002CF247 = {
			isa = PBXGroup;
			children = (
				A2DB897E20626FB6002CF247 /* CusomContact */,
				A2DB897D20626FB6002CF247 /* Products */,
			);
			sourceTree = "<group>";
		};
		A2DB897D20626FB6002CF247 /* Products */ = {
			isa = PBXGroup;
			children = (
				A2DB897C20626FB6002CF247 /* CusomContact.app */,
			);
			name = Products;
			sourceTree = "<group>";
		};
		A2DB897E20626FB6002CF247 /* CusomContact */ = {
			isa = PBXGroup;
			children = (
				A2DB897F20626FB6002CF247 /* AppDelegate.swift */,
				A2DB898320626FB6002CF247 /* Main.storyboard */,
				A2DB899520639909002CF247 /* HeaderView.swift */,
				A2DB899320639384002CF247 /* ContactsTableViewCell.swift */,
				A2DB8991206276DC002CF247 /* ContactsViewController.swift */,
				A2DB899720639DE1002CF247 /* ContactTableDataSourceDelegate.swift */,
				A2DB899B20652943002CF247 /* Utilities.swift */,
				A2DB899920651774002CF247 /* ContactSearchTableViewCell.swift */,
				A2DB89BF20678CF5002CF247 /* ContactView.xib */,
				A2DB89C120678E15002CF247 /* ContactView.swift */,
				A2DB898620626FB6002CF247 /* Assets.xcassets */,
				A2DB898820626FB6002CF247 /* LaunchScreen.storyboard */,
				A2DB898B20626FB6002CF247 /* Info.plist */,
			);
			path = CusomContact;
			sourceTree = "<group>";
		};
/* End PBXGroup section */

/* Begin PBXNativeTarget section */
		A2DB897B20626FB6002CF247 /* CusomContact */ = {
			isa = PBXNativeTarget;
			buildConfigurationList = A2DB898E20626FB6002CF247 /* Build configuration list for PBXNativeTarget "CusomContact" */;
			buildPhases = (
				A2DB897820626FB6002CF247 /* Sources */,
				A2DB897920626FB6002CF247 /* Frameworks */,
				A2DB897A20626FB6002CF247 /* Resources */,
			);
			buildRules = (
			);
			dependencies = (
			);
			name = CusomContact;
			productName = CusomContact;
			productReference = A2DB897C20626FB6002CF247 /* CusomContact.app */;
			productType = "com.apple.product-type.application";
		};
/* End PBXNativeTarget section */

/* Begin PBXProject section */
		A2DB897420626FB6002CF247 /* Project object */ = {
			isa = PBXProject;
			attributes = {
				LastSwiftUpdateCheck = 0920;
				LastUpgradeCheck = 0920;
				ORGANIZATIONNAME = Apple;
				TargetAttributes = {
					A2DB897B20626FB6002CF247 = {
						CreatedOnToolsVersion = 9.2;
						ProvisioningStyle = Automatic;
					};
				};
			};
			buildConfigurationList = A2DB897720626FB6002CF247 /* Build configuration list for PBXProject "CusomContact" */;
			compatibilityVersion = "Xcode 8.0";
			developmentRegion = en;
			hasScannedForEncodings = 0;
			knownRegions = (
				en,
				Base,
			);
			mainGroup = A2DB897320626FB6002CF247;
			productRefGroup = A2DB897D20626FB6002CF247 /* Products */;
			projectDirPath = "";
			projectRoot = "";
			targets = (
				A2DB897B20626FB6002CF247 /* CusomContact */,
			);
		};
/* End PBXProject section */

/* Begin PBXResourcesBuildPhase section */
		A2DB897A20626FB6002CF247 /* Resources */ = {
			isa = PBXResourcesBuildPhase;
			buildActionMask = 2147483647;
			files = (
				A2DB898A20626FB6002CF247 /* LaunchScreen.storyboard in Resources */,
				A2DB898720626FB6002CF247 /* Assets.xcassets in Resources */,
				A2DB898520626FB6002CF247 /* Main.storyboard in Resources */,
				A2DB89C020678CF5002CF247 /* ContactView.xib in Resources */,
			);
			runOnlyForDeploymentPostprocessing = 0;
		};
/* End PBXResourcesBuildPhase section */

/* Begin PBXSourcesBuildPhase section */
		A2DB897820626FB6002CF247 /* Sources */ = {
			isa = PBXSourcesBuildPhase;
			buildActionMask = 2147483647;
			files = (
				A2DB899620639909002CF247 /* HeaderView.swift in Sources */,
				A2DB899420639384002CF247 /* ContactsTableViewCell.swift in Sources */,
				A2DB898020626FB6002CF247 /* AppDelegate.swift in Sources */,
				A2DB89C220678E15002CF247 /* ContactView.swift in Sources */,
				A2DB8992206276DC002CF247 /* ContactsViewController.swift in Sources */,
				A2DB899820639DE1002CF247 /* ContactTableDataSourceDelegate.swift in Sources */,
				A2DB899C20652943002CF247 /* Utilities.swift in Sources */,
				A2DB899A20651774002CF247 /* ContactSearchTableViewCell.swift in Sources */,
			);
			runOnlyForDeploymentPostprocessing = 0;
		};
/* End PBXSourcesBuildPhase section */

/* Begin PBXVariantGroup section */
		A2DB898320626FB6002CF247 /* Main.storyboard */ = {
			isa = PBXVariantGroup;
			children = (
				A2DB898420626FB6002CF247 /* Base */,
			);
			name = Main.storyboard;
			sourceTree = "<group>";
		};
		A2DB898820626FB6002CF247 /* LaunchScreen.storyboard */ = {
			isa = PBXVariantGroup;
			children = (
				A2DB898920626FB6002CF247 /* Base */,
			);
			name = LaunchScreen.storyboard;
			sourceTree = "<group>";
		};
/* End PBXVariantGroup section */

/* Begin XCBuildConfiguration section */
		A2DB898C20626FB6002CF247 /* Debug */ = {
			isa = XCBuildConfiguration;
			buildSettings = {
				ALWAYS_SEARCH_USER_PATHS = NO;
				CLANG_ANALYZER_NONNULL = YES;
				CLANG_ANALYZER_NUMBER_OBJECT_CONVERSION = YES_AGGRESSIVE;
				CLANG_CXX_LANGUAGE_STANDARD = "gnu++14";
				CLANG_CXX_LIBRARY = "libc++";
				CLANG_ENABLE_MODULES = YES;
				CLANG_ENABLE_OBJC_ARC = YES;
				CLANG_WARN_BLOCK_CAPTURE_AUTORELEASING = YES;
				CLANG_WARN_BOOL_CONVERSION = YES;
				CLANG_WARN_COMMA = YES;
				CLANG_WARN_CONSTANT_CONVERSION = YES;
				CLANG_WARN_DIRECT_OBJC_ISA_USAGE = YES_ERROR;
				CLANG_WARN_DOCUMENTATION_COMMENTS = YES;
				CLANG_WARN_EMPTY_BODY = YES;
				CLANG_WARN_ENUM_CONVERSION = YES;
				CLANG_WARN_INFINITE_RECURSION = YES;
				CLANG_WARN_INT_CONVERSION = YES;
				CLANG_WARN_NON_LITERAL_NULL_CONVERSION = YES;
				CLANG_WARN_OBJC_LITERAL_CONVERSION = YES;
				CLANG_WARN_OBJC_ROOT_CLASS = YES_ERROR;
				CLANG_WARN_RANGE_LOOP_ANALYSIS = YES;
				CLANG_WARN_STRICT_PROTOTYPES = YES;
				CLANG_WARN_SUSPICIOUS_MOVE = YES;
				CLANG_WARN_UNGUARDED_AVAILABILITY = YES_AGGRESSIVE;
				CLANG_WARN_UNREACHABLE_CODE = YES;
				CLANG_WARN__DUPLICATE_METHOD_MATCH = YES;
				CODE_SIGN_IDENTITY = "iPhone Developer";
				COPY_PHASE_STRIP = NO;
				DEBUG_INFORMATION_FORMAT = dwarf;
				ENABLE_STRICT_OBJC_MSGSEND = YES;
				ENABLE_TESTABILITY = YES;
				GCC_C_LANGUAGE_STANDARD = gnu11;
				GCC_DYNAMIC_NO_PIC = NO;
				GCC_NO_COMMON_BLOCKS = YES;
				GCC_OPTIMIZATION_LEVEL = 0;
				GCC_PREPROCESSOR_DEFINITIONS = (
					"DEBUG=1",
					"$(inherited)",
				);
				GCC_WARN_64_TO_32_BIT_CONVERSION = YES;
				GCC_WARN_ABOUT_RETURN_TYPE = YES_ERROR;
				GCC_WARN_UNDECLARED_SELECTOR = YES;
				GCC_WARN_UNINITIALIZED_AUTOS = YES_AGGRESSIVE;
				GCC_WARN_UNUSED_FUNCTION = YES;
				GCC_WARN_UNUSED_VARIABLE = YES;
				IPHONEOS_DEPLOYMENT_TARGET = 11.2;
				MTL_ENABLE_DEBUG_INFO = YES;
				ONLY_ACTIVE_ARCH = YES;
				SDKROOT = iphoneos;
				SWIFT_ACTIVE_COMPILATION_CONDITIONS = DEBUG;
				SWIFT_OPTIMIZATION_LEVEL = "-Onone";
			};
			name = Debug;
		};
		A2DB898D20626FB6002CF247 /* Release */ = {
			isa = XCBuildConfiguration;
			buildSettings = {
				ALWAYS_SEARCH_USER_PATHS = NO;
				CLANG_ANALYZER_NONNULL = YES;
				CLANG_ANALYZER_NUMBER_OBJECT_CONVERSION = YES_AGGRESSIVE;
				CLANG_CXX_LANGUAGE_STANDARD = "gnu++14";
				CLANG_CXX_LIBRARY = "libc++";
				CLANG_ENABLE_MODULES = YES;
				CLANG_ENABLE_OBJC_ARC = YES;
				CLANG_WARN_BLOCK_CAPTURE_AUTORELEASING = YES;
				CLANG_WARN_BOOL_CONVERSION = YES;
				CLANG_WARN_COMMA = YES;
				CLANG_WARN_CONSTANT_CONVERSION = YES;
				CLANG_WARN_DIRECT_OBJC_ISA_USAGE = YES_ERROR;
				CLANG_WARN_DOCUMENTATION_COMMENTS = YES;
				CLANG_WARN_EMPTY_BODY = YES;
				CLANG_WARN_ENUM_CONVERSION = YES;
				CLANG_WARN_INFINITE_RECURSION = YES;
				CLANG_WARN_INT_CONVERSION = YES;
				CLANG_WARN_NON_LITERAL_NULL_CONVERSION = YES;
				CLANG_WARN_OBJC_LITERAL_CONVERSION = YES;
				CLANG_WARN_OBJC_ROOT_CLASS = YES_ERROR;
				CLANG_WARN_RANGE_LOOP_ANALYSIS = YES;
				CLANG_WARN_STRICT_PROTOTYPES = YES;
				CLANG_WARN_SUSPICIOUS_MOVE = YES;
				CLANG_WARN_UNGUARDED_AVAILABILITY = YES_AGGRESSIVE;
				CLANG_WARN_UNREACHABLE_CODE = YES;
				CLANG_WARN__DUPLICATE_METHOD_MATCH = YES;
				CODE_SIGN_IDENTITY = "iPhone Developer";
				COPY_PHASE_STRIP = NO;
				DEBUG_INFORMATION_FORMAT = "dwarf-with-dsym";
				ENABLE_NS_ASSERTIONS = NO;
				ENABLE_STRICT_OBJC_MSGSEND = YES;
				GCC_C_LANGUAGE_STANDARD = gnu11;
				GCC_NO_COMMON_BLOCKS = YES;
				GCC_WARN_64_TO_32_BIT_CONVERSION = YES;
				GCC_WARN_ABOUT_RETURN_TYPE = YES_ERROR;
				GCC_WARN_UNDECLARED_SELECTOR = YES;
				GCC_WARN_UNINITIALIZED_AUTOS = YES_AGGRESSIVE;
				GCC_WARN_UNUSED_FUNCTION = YES;
				GCC_WARN_UNUSED_VARIABLE = YES;
				IPHONEOS_DEPLOYMENT_TARGET = 11.2;
				MTL_ENABLE_DEBUG_INFO = NO;
				SDKROOT = iphoneos;
				SWIFT_OPTIMIZATION_LEVEL = "-Owholemodule";
				VALIDATE_PRODUCT = YES;
			};
			name = Release;
		};
		A2DB898F20626FB6002CF247 /* Debug */ = {
			isa = XCBuildConfiguration;
			buildSettings = {
				ASSETCATALOG_COMPILER_APPICON_NAME = AppIcon;
				CODE_SIGN_STYLE = Automatic;
				INFOPLIST_FILE = CusomContact/Info.plist;
				LD_RUNPATH_SEARCH_PATHS = "$(inherited) @executable_path/Frameworks";
				PRODUCT_BUNDLE_IDENTIFIER = com.apple.CusomContact;
				PRODUCT_NAME = "$(TARGET_NAME)";
				SWIFT_VERSION = 4.0;
				TARGETED_DEVICE_FAMILY = "1,2";
			};
			name = Debug;
		};
		A2DB899020626FB6002CF247 /* Release */ = {
			isa = XCBuildConfiguration;
			buildSettings = {
				ASSETCATALOG_COMPILER_APPICON_NAME = AppIcon;
				CODE_SIGN_STYLE = Automatic;
				INFOPLIST_FILE = CusomContact/Info.plist;
				LD_RUNPATH_SEARCH_PATHS = "$(inherited) @executable_path/Frameworks";
				PRODUCT_BUNDLE_IDENTIFIER = com.apple.CusomContact;
				PRODUCT_NAME = "$(TARGET_NAME)";
				SWIFT_VERSION = 4.0;
				TARGETED_DEVICE_FAMILY = "1,2";
			};
			name = Release;
		};
/* End XCBuildConfiguration section */

/* Begin XCConfigurationList section */
		A2DB897720626FB6002CF247 /* Build configuration list for PBXProject "CusomContact" */ = {
			isa = XCConfigurationList;
			buildConfigurations = (
				A2DB898C20626FB6002CF247 /* Debug */,
				A2DB898D20626FB6002CF247 /* Release */,
			);
			defaultConfigurationIsVisible = 0;
			defaultConfigurationName = Release;
		};
		A2DB898E20626FB6002CF247 /* Build configuration list for PBXNativeTarget "CusomContact" */ = {
			isa = XCConfigurationList;
			buildConfigurations = (
				A2DB898F20626FB6002CF247 /* Debug */,
				A2DB899020626FB6002CF247 /* Release */,
			);
			defaultConfigurationIsVisible = 0;
			defaultConfigurationName = Release;
		};
/* End XCConfigurationList section */
	};
	rootObject = A2DB897420626FB6002CF247 /* Project object */;
}
